Microsoft Visual Studio Solution File, Format Version 12.00
# Visual Studio Version 17
VisualStudioVersion = 17.5.2.0
MinimumVisualStudioVersion = 10.0.40219.1
Project("{FAE04EC0-301F-11D3-BF4B-00C04F79EFBC}") = "CadastroPontosBackend", "CadastroPontosBackend.csproj", "{117B5104-90D1-8211-A6F0-9A4F5FCC1126}"
EndProject
Global
	GlobalSection(SolutionConfigurationPlatforms) = preSolution
		Debug|Any CPU = Debug|Any CPU
		Release|Any CPU = Release|Any CPU
	EndGlobalSection
	GlobalSection(ProjectConfigurationPlatforms) = postSolution
		{117B5104-90D1-8211-A6F0-9A4F5FCC1126}.Debug|Any CPU.ActiveCfg = Debug|Any CPU
		{117B5104-90D1-8211-A6F0-9A4F5FCC1126}.Debug|Any CPU.Build.0 = Debug|Any CPU
		{117B5104-90D1-8211-A6F0-9A4F5FCC1126}.Release|Any CPU.ActiveCfg = Release|Any CPU
		{117B5104-90D1-8211-A6F0-9A4F5FCC1126}.Release|Any CPU.Build.0 = Release|Any CPU
	EndGlobalSection
	GlobalSection(SolutionProperties) = preSolution
		HideSolutionNode = FALSE
	EndGlobalSection
	GlobalSection(ExtensibilityGlobals) = postSolution
		SolutionGuid = {FC0C5D1B-CFCA-4A33-860F-836664853101}
	EndGlobalSection
EndGlobal
